
Microsoft Visual Studio Solution File, Format Version 12.00
# Visual Studio Version 17
VisualStudioVersion = 17.5.002.0
MinimumVisualStudioVersion = 10.0.40219.1
Project("{9A19103F-16F7-4668-BE54-9A1E7A4F7556}") = "gtk-sharp", "gtk-sharp.csproj", "{D790EDC6-45F3-4871-82B1-99B7DC031770}"
EndProject
Global
	GlobalSection(SolutionConfigurationPlatforms) = preSolution
		Debug|Any CPU = Debug|Any CPU
		Release|Any CPU = Release|Any CPU
	EndGlobalSection
	GlobalSection(ProjectConfigurationPlatforms) = postSolution
		{D790EDC6-45F3-4871-82B1-99B7DC031770}.Debug|Any CPU.ActiveCfg = Debug|Any CPU
		{D790EDC6-45F3-4871-82B1-99B7DC031770}.Debug|Any CPU.Build.0 = Debug|Any CPU
		{D790EDC6-45F3-4871-82B1-99B7DC031770}.Release|Any CPU.ActiveCfg = Release|Any CPU
		{D790EDC6-45F3-4871-82B1-99B7DC031770}.Release|Any CPU.Build.0 = Release|Any CPU
	EndGlobalSection
	GlobalSection(SolutionProperties) = preSolution
		HideSolutionNode = FALSE
	EndGlobalSection
	GlobalSection(ExtensibilityGlobals) = postSolution
		SolutionGuid = {52A47779-F25A-4F44-BFB5-D6273CEDBA46}
	EndGlobalSection
EndGlobal
